
Microsoft Visual Studio Solution File, Format Version 12.00
# Visual Studio 14
VisualStudioVersion = 14.0.25123.0
MinimumVisualStudioVersion = 10.0.40219.1
Project("{FAE04EC0-301F-11D3-BF4B-00C04F79EFBC}") = "App.WebUI", "App.WebUI\App.WebUI.csproj", "{82F880A1-C4AC-424B-B3E1-24224AF70FB9}"
EndProject
Project("{FAE04EC0-301F-11D3-BF4B-00C04F79EFBC}") = "App.WebUITests", "App.WebUITests\App.WebUITests.csproj", "{51186E0F-CA9E-441A-A269-6058AD16ABB5}"
EndProject
Global
	GlobalSection(SolutionConfigurationPlatforms) = preSolution
		Debug|Any CPU = Debug|Any CPU
		Release|Any CPU = Release|Any CPU
	EndGlobalSection
	GlobalSection(ProjectConfigurationPlatforms) = postSolution
		{82F880A1-C4AC-424B-B3E1-24224AF70FB9}.Debug|Any CPU.ActiveCfg = Debug|Any CPU
		{82F880A1-C4AC-424B-B3E1-24224AF70FB9}.Debug|Any CPU.Build.0 = Debug|Any CPU
		{82F880A1-C4AC-424B-B3E1-24224AF70FB9}.Release|Any CPU.ActiveCfg = Release|Any CPU
		{82F880A1-C4AC-424B-B3E1-24224AF70FB9}.Release|Any CPU.Build.0 = Release|Any CPU
		{51186E0F-CA9E-441A-A269-6058AD16ABB5}.Debug|Any CPU.ActiveCfg = Debug|Any CPU
		{51186E0F-CA9E-441A-A269-6058AD16ABB5}.Debug|Any CPU.Build.0 = Debug|Any CPU
		{51186E0F-CA9E-441A-A269-6058AD16ABB5}.Release|Any CPU.ActiveCfg = Release|Any CPU
		{51186E0F-CA9E-441A-A269-6058AD16ABB5}.Release|Any CPU.Build.0 = Release|Any CPU
	EndGlobalSection
	GlobalSection(SolutionProperties) = preSolution
		HideSolutionNode = FALSE
	EndGlobalSection
EndGlobal
